{
  "name": "deepfellow-infra-webui2",
  "lockfileVersion": 3,
  "requires": true,
  "packages": {
    "": {
      "name": "deepfellow-infra-webui2",
      "devDependencies": {
        "@simplito/deepfellow-dashboard-single-instance-dfinfra": "1.0.136"
      }
    },
    "node_modules/@simplito/deepfellow-dashboard-single-instance-dfinfra": {
      "version": "1.0.136",
      "resolved": "https://gitlab2.simplito.com/api/v4/projects/529/packages/npm/@simplito/deepfellow-dashboard-single-instance-dfinfra/-/@simplito/deepfellow-dashboard-single-instance-dfinfra-1.0.136.tgz",
      "integrity": "sha1-WcSDcQM8RwpE2vrr0HCi++PdzTM=",
      "dev": true,
      "bin": {
        "deepfellow-dashboard-dfinfra": "bin/serveSingleInstance.mjs"
      },
      "engines": {
        "node": ">=20"
      }
    }
  }
}
